dependencies:
  esp-idf-lib/dht:
    component_hash: a0a1b26519566809041bc8fccf754e3ee9b25f73b0decbdc51bfd16143dedd66
    source:
      service_url: https://api.components.espressif.com/
      type: service
    version: 1.2.0
  esp-idf-lib/esp_idf_lib_helpers:
    component_hash: 689853bb8993434f9556af0f2816e808bf77b5d22100144b21f3519993daf237
    source:
      service_url: https://api.components.espressif.com/
      type: service
    version: 1.4.0
  idf:
    component_hash: null
    source:
      type: idf
    version: 5.4.0
manifest_hash: 3ec96d3e878e05888cb28a598aba8d5512796ce3e65fa3cdcbb39f362daa4cd1
target: esp32
version: 1.0.0
